<?xml version="1.0" encoding="utf-8"?>
<Project ToolsVersion="4.0" xmlns="http://schemas.microsoft.com/developer/msbuild/2003">
  <ItemGroup>
    <ClCompile Include="Collider.cpp" />
    <ClCompile Include="Button.cpp" />
    <ClCompile Include="Gatherable\Crops.cpp" />
    <ClCompile Include="DialogueBox.cpp" />
    <ClCompile Include="Framework\AnimationClip.cpp" />
    <ClCompile Include="Framework\Animator.cpp" />
    <ClCompile Include="DialogueInfo.cpp" />
    <ClCompile Include="DialogueLoader.cpp" />
    <ClCompile Include="Framework\Framework.cpp" />
    <ClCompile Include="Framework\GameObject.cpp" />
    <ClCompile Include="Framework\InputMgr.cpp" />
    <ClCompile Include="Framework\Scene.cpp" />
    <ClCompile Include="Framework\SceneMgr.cpp" />
    <ClCompile Include="Framework\SpriteGo.cpp" />
    <ClCompile Include="Framework\TextGo.cpp" />
    <ClCompile Include="Framework\Utils.cpp" />
    <ClCompile Include="HitBox.cpp" />
    <ClCompile Include="Items\Hoe.cpp" />
    <ClCompile Include="InventoryStstem\InUIItem.cpp" />
    <ClCompile Include="Items\InGameItem.cpp" />
    <ClCompile Include="InputText.cpp" />
    <ClCompile Include="InventoryStstem\Inventory.cpp" />
    <ClCompile Include="InventoryStstem\Item.cpp" />
    <ClCompile Include="InventoryStstem\ItemSlot.cpp" />
    <ClCompile Include="InventoryStstem\QuickBar.cpp" />
    <ClCompile Include="Mgr\itemDataMgr.cpp" />
    <ClCompile Include="Mgr\NpcMgr.cpp" />
    <ClCompile Include="Scene\SceneAnimator.cpp" />
    <ClCompile Include="Scene\SceneTileChangeTest.cpp" />
    <ClCompile Include="SceneAnimationTest.cpp" />
    <ClCompile Include="Scene\SceneHome.cpp" />
    <ClCompile Include="Scene\LoadMapDataScene.cpp" />
    <ClCompile Include="main.cpp" />
    <ClCompile Include="Player.cpp" />
    <ClCompile Include="InventoryStstem\QuickBar_Slot.cpp" />
    <ClCompile Include="Map.cpp" />
    <ClCompile Include="Scene\MapToolScene.cpp" />
    <ClCompile Include="Items\Seeds.cpp" />
    <ClCompile Include="Shop.cpp" />
    <ClCompile Include="Scene\SceneTest.cpp" />
    <ClCompile Include="stdafx.cpp" />
    <ClCompile Include="TileMap.cpp" />
    <ClCompile Include="TimeMoneyUi.cpp" />
    <ClCompile Include="Trigger.cpp" />
    <ClCompile Include="Variables.cpp" />
    <ClCompile Include="Gatherable\Gatherable.cpp" />
  </ItemGroup>
  <ItemGroup>
    <ClInclude Include="Collider.h" />
    <ClInclude Include="Button.h" />
    <ClInclude Include="Gatherable\Crops.h" />
    <ClInclude Include="DialogueBox.h" />
    <ClInclude Include="Framework\AnimationClip.h" />
    <ClInclude Include="Framework\Animator.h" />
    <ClInclude Include="DialogueInfo.h" />
    <ClInclude Include="DialogueLoader.h" />
    <ClInclude Include="Framework\Defines.h" />
    <ClInclude Include="Framework\Framework.h" />
    <ClInclude Include="Framework\GameObject.h" />
    <ClInclude Include="Framework\InputMgr.h" />
    <ClInclude Include="Framework\rapidcsv.h" />
    <ClInclude Include="Framework\ResourceMgr.h" />
    <ClInclude Include="Framework\Scene.h" />
    <ClInclude Include="Framework\SceneMgr.h" />
    <ClInclude Include="Framework\Singleton.h" />
    <ClInclude Include="Framework\SpriteGo.h" />
    <ClInclude Include="Framework\TextGo.h" />
    <ClInclude Include="Framework\Utils.h" />
    <ClInclude Include="HitBox.h" />
    <ClInclude Include="Items\Hoe.h" />
    <ClInclude Include="InventoryStstem\InUIItem.h" />
    <ClInclude Include="Items\InGameItem.h" />
    <ClInclude Include="InputText.h" />
    <ClInclude Include="Mgr\itemDataMgr.h" />
    <ClInclude Include="Mgr\NpcMgr.h" />
    <ClInclude Include="Player.h" />
    <ClInclude Include="InventoryStstem\Inventory.h" />
    <ClInclude Include="InventoryStstem\Item.h" />
    <ClInclude Include="InventoryStstem\ItemSlot.h" />
    <ClInclude Include="InventoryStstem\QuickBar.h" />
    <ClInclude Include="ItemInfo.h" />
    <ClInclude Include="InventoryStstem\QuickBar_Slot.h" />
    <ClInclude Include="Scene\SceneTileChangeTest.h" />
    <ClInclude Include="SceneAnimationTest.h" />
    <ClInclude Include="Scene\SceneHome.h" />
    <ClInclude Include="Scene\LoadMapDataScene.h" />
    <ClInclude Include="Map.h" />
    <ClInclude Include="Scene\SceneAnimator.h" />
    <ClInclude Include="Scene\MapToolScene.h" />
    <ClInclude Include="Scene\SceneTest.h" />
    <ClInclude Include="Items\Seeds.h" />
    <ClInclude Include="Shop.h" />
    <ClInclude Include="stdafx.h" />
    <ClInclude Include="TileMap.h" />
    <ClInclude Include="TimeMoneyUi.h" />
    <ClInclude Include="Trigger.h" />
    <ClInclude Include="Variables.h" />
    <ClInclude Include="Gatherable\Gatherable.h" />
  </ItemGroup>
</Project>